
Microsoft Visual Studio Solution File, Format Version 12.00
# Visual Studio Version 18
VisualStudioVersion = 18.5.11723.231 stable
MinimumVisualStudioVersion = 10.0.40219.1
Project("{888888A0-9F3D-457C-B088-3A5042F75D52}") = "Github project", "Github project.pyproj", "{D51A57A9-2B32-4A75-8F40-548D11F9D3E6}"
EndProject
Global
	GlobalSection(SolutionConfigurationPlatforms) = preSolution
		Debug|Any CPU = Debug|Any CPU
		Release|Any CPU = Release|Any CPU
	EndGlobalSection
	GlobalSection(ProjectConfigurationPlatforms) = postSolution
		{D51A57A9-2B32-4A75-8F40-548D11F9D3E6}.Debug|Any CPU.ActiveCfg = Debug|Any CPU
		{D51A57A9-2B32-4A75-8F40-548D11F9D3E6}.Release|Any CPU.ActiveCfg = Release|Any CPU
	EndGlobalSection
	GlobalSection(SolutionProperties) = preSolution
		HideSolutionNode = FALSE
	EndGlobalSection
	GlobalSection(ExtensibilityGlobals) = postSolution
		SolutionGuid = {10E3CD94-DC06-4E6D-BEBD-FF020BEFD842}
	EndGlobalSection
EndGlobal
